
Microsoft Visual Studio Solution File, Format Version 12.00
# Visual Studio Version 17
VisualStudioVersion = 17.7.34221.43
MinimumVisualStudioVersion = 10.0.40219.1
Project("{FAE04EC0-301F-11D3-BF4B-00C04F79EFBC}") = "SU1Y2", "SU1Y2\SU1Y2.csproj", "{77EB0293-2029-4E5F-87AF-46D535CE1912}"
EndProject
Global
	GlobalSection(SolutionConfigurationPlatforms) = preSolution
		Debug|Any CPU = Debug|Any CPU
		Release|Any CPU = Release|Any CPU
	EndGlobalSection
	GlobalSection(ProjectConfigurationPlatforms) = postSolution
		{77EB0293-2029-4E5F-87AF-46D535CE1912}.Debug|Any CPU.ActiveCfg = Debug|Any CPU
		{77EB0293-2029-4E5F-87AF-46D535CE1912}.Debug|Any CPU.Build.0 = Debug|Any CPU
		{77EB0293-2029-4E5F-87AF-46D535CE1912}.Release|Any CPU.ActiveCfg = Release|Any CPU
		{77EB0293-2029-4E5F-87AF-46D535CE1912}.Release|Any CPU.Build.0 = Release|Any CPU
	EndGlobalSection
	GlobalSection(SolutionProperties) = preSolution
		HideSolutionNode = FALSE
	EndGlobalSection
	GlobalSection(ExtensibilityGlobals) = postSolution
		SolutionGuid = {86A19C04-5CFA-42CC-9CDD-5EA86EDC5D22}
	EndGlobalSection
EndGlobal
